
Microsoft Visual Studio Solution File, Format Version 12.00
# Visual Studio Version 16
VisualStudioVersion = 16.0.31005.135
MinimumVisualStudioVersion = 10.0.40219.1
Project("{9A19103F-16F7-4668-BE54-9A1E7A4F7556}") = "PrimitiveStaticDataGenerator", "src\PrimitiveStaticDataGenerator\PrimitiveStaticDataGenerator.csproj", "{AFF51BF5-54BB-44FA-A0D6-6E6EAEEF2F16}"
EndProject
Project("{9A19103F-16F7-4668-BE54-9A1E7A4F7556}") = "PrimitiveStaticDataGenerator.Samples", "samples\PrimitiveStaticDataGenerator.Samples\PrimitiveStaticDataGenerator.Samples.csproj", "{CC22A48B-135E-43DB-8761-58304A3A57D7}"
EndProject
Global
	GlobalSection(SolutionConfigurationPlatforms) = preSolution
		Debug|Any CPU = Debug|Any CPU
		Release|Any CPU = Release|Any CPU
	EndGlobalSection
	GlobalSection(ProjectConfigurationPlatforms) = postSolution
		{AFF51BF5-54BB-44FA-A0D6-6E6EAEEF2F16}.Debug|Any CPU.ActiveCfg = Debug|Any CPU
		{AFF51BF5-54BB-44FA-A0D6-6E6EAEEF2F16}.Debug|Any CPU.Build.0 = Debug|Any CPU
		{AFF51BF5-54BB-44FA-A0D6-6E6EAEEF2F16}.Release|Any CPU.ActiveCfg = Release|Any CPU
		{AFF51BF5-54BB-44FA-A0D6-6E6EAEEF2F16}.Release|Any CPU.Build.0 = Release|Any CPU
		{CC22A48B-135E-43DB-8761-58304A3A57D7}.Debug|Any CPU.ActiveCfg = Debug|Any CPU
		{CC22A48B-135E-43DB-8761-58304A3A57D7}.Debug|Any CPU.Build.0 = Debug|Any CPU
		{CC22A48B-135E-43DB-8761-58304A3A57D7}.Release|Any CPU.ActiveCfg = Release|Any CPU
		{CC22A48B-135E-43DB-8761-58304A3A57D7}.Release|Any CPU.Build.0 = Release|Any CPU
	EndGlobalSection
	GlobalSection(SolutionProperties) = preSolution
		HideSolutionNode = FALSE
	EndGlobalSection
	GlobalSection(ExtensibilityGlobals) = postSolution
		SolutionGuid = {A6F7A906-CE97-4DD7-BE5F-7A71C19C2A0E}
	EndGlobalSection
EndGlobal
